// !$*UTF8*$!
{
	archiveVersion = 1;
	classes = {
	};
	objectVersion = 56;
	objects = {

/* Begin PBXBuildFile section */
		087FEA5A2C137A6500812F12 /* AppDelegate.swift in Sources */ = {isa = PBXBuildFile; fileRef = 087FEA592C137A6500812F12 /* AppDelegate.swift */; };
		087FEA5C2C137A6500812F12 /* SceneDelegate.swift in Sources */ = {isa = PBXBuildFile; fileRef = 087FEA5B2C137A6500812F12 /* SceneDelegate.swift */; };
		087FEA632C137A6600812F12 /* Assets.xcassets in Resources */ = {isa = PBXBuildFile; fileRef = 087FEA622C137A6600812F12 /* Assets.xcassets */; };
		087FEA662C137A6600812F12 /* LaunchScreen.storyboard in Resources */ = {isa = PBXBuildFile; fileRef = 087FEA642C137A6600812F12 /* LaunchScreen.storyboard */; };
		08D6ED6A2C13855D00AF6E31 /* HomeViewController.swift in Sources */ = {isa = PBXBuildFile; fileRef = 08D6ED682C13855D00AF6E31 /* HomeViewController.swift */; };
		08D6ED6B2C13855D00AF6E31 /* HomeViewController.xib in Resources */ = {isa = PBXBuildFile; fileRef = 08D6ED692C13855D00AF6E31 /* HomeViewController.xib */; };
		08D6ED6D2C1385A000AF6E31 /* HomePresenter.swift in Sources */ = {isa = PBXBuildFile; fileRef = 08D6ED6C2C1385A000AF6E31 /* HomePresenter.swift */; };
		08D6ED6F2C13879800AF6E31 /* HomePresenterType.swift in Sources */ = {isa = PBXBuildFile; fileRef = 08D6ED6E2C13879800AF6E31 /* HomePresenterType.swift */; };
		08D6ED712C13892700AF6E31 /* Coordinator.swift in Sources */ = {isa = PBXBuildFile; fileRef = 08D6ED702C13892700AF6E31 /* Coordinator.swift */; };
		08D6ED732C13897F00AF6E31 /* CoordinatorType.swift in Sources */ = {isa = PBXBuildFile; fileRef = 08D6ED722C13897F00AF6E31 /* CoordinatorType.swift */; };
		08D6ED752C138AFC00AF6E31 /* AppCoordinator.swift in Sources */ = {isa = PBXBuildFile; fileRef = 08D6ED742C138AFC00AF6E31 /* AppCoordinator.swift */; };
		08D6ED772C138B4000AF6E31 /* ResultType.swift in Sources */ = {isa = PBXBuildFile; fileRef = 08D6ED762C138B4000AF6E31 /* ResultType.swift */; };
		08D6ED7A2C138CA000AF6E31 /* NavigationController.swift in Sources */ = {isa = PBXBuildFile; fileRef = 08D6ED792C138CA000AF6E31 /* NavigationController.swift */; };
		08D6ED7E2C13A2BB00AF6E31 /* AppMainContainer.swift in Sources */ = {isa = PBXBuildFile; fileRef = 08D6ED7D2C13A2BB00AF6E31 /* AppMainContainer.swift */; };
		08D6ED802C13A2DC00AF6E31 /* UserContainer.swift in Sources */ = {isa = PBXBuildFile; fileRef = 08D6ED7F2C13A2DC00AF6E31 /* UserContainer.swift */; };
		08D6ED852C13A45200AF6E31 /* SplashViewController.xib in Resources */ = {isa = PBXBuildFile; fileRef = 08D6ED822C13A45200AF6E31 /* SplashViewController.xib */; };
		08D6ED862C13A45200AF6E31 /* SplashPresenter.swift in Sources */ = {isa = PBXBuildFile; fileRef = 08D6ED832C13A45200AF6E31 /* SplashPresenter.swift */; };
		08D6ED872C13A45200AF6E31 /* SplashViewController.swift in Sources */ = {isa = PBXBuildFile; fileRef = 08D6ED842C13A45200AF6E31 /* SplashViewController.swift */; };
		08D6ED892C13A4D000AF6E31 /* SplashPresenterType.swift in Sources */ = {isa = PBXBuildFile; fileRef = 08D6ED882C13A4D000AF6E31 /* SplashPresenterType.swift */; };
		08D6ED8B2C13B03800AF6E31 /* HomeCoordinator.swift in Sources */ = {isa = PBXBuildFile; fileRef = 08D6ED8A2C13B03800AF6E31 /* HomeCoordinator.swift */; };
		08D6ED8E2C149F1900AF6E31 /* FetchAllTasksUseCase.swift in Sources */ = {isa = PBXBuildFile; fileRef = 08D6ED8D2C149F1900AF6E31 /* FetchAllTasksUseCase.swift */; };
		08D6ED912C149F9900AF6E31 /* TaskEntity.swift in Sources */ = {isa = PBXBuildFile; fileRef = 08D6ED902C149F9900AF6E31 /* TaskEntity.swift */; };
		08D6ED942C14A2FE00AF6E31 /* TaskRepositoryType.swift in Sources */ = {isa = PBXBuildFile; fileRef = 08D6ED932C14A2FE00AF6E31 /* TaskRepositoryType.swift */; };
		08D6ED982C14ACC300AF6E31 /* TaskTableCell.swift in Sources */ = {isa = PBXBuildFile; fileRef = 08D6ED962C14ACC300AF6E31 /* TaskTableCell.swift */; };
		08D6ED992C14ACC300AF6E31 /* TaskTableCell.xib in Resources */ = {isa = PBXBuildFile; fileRef = 08D6ED972C14ACC300AF6E31 /* TaskTableCell.xib */; };
		08D6ED9B2C14B61100AF6E31 /* TaskTableCellPresenter.swift in Sources */ = {isa = PBXBuildFile; fileRef = 08D6ED9A2C14B61100AF6E31 /* TaskTableCellPresenter.swift */; };
		08D6EDA12C15050F00AF6E31 /* SpaceCell.swift in Sources */ = {isa = PBXBuildFile; fileRef = 08D6ED9F2C15050F00AF6E31 /* SpaceCell.swift */; };
		08D6EDA22C15050F00AF6E31 /* SpaceCell.xib in Resources */ = {isa = PBXBuildFile; fileRef = 08D6EDA02C15050F00AF6E31 /* SpaceCell.xib */; };
		08D6EDA42C15053800AF6E31 /* SpaceCellPresenter.swift in Sources */ = {isa = PBXBuildFile; fileRef = 08D6EDA32C15053800AF6E31 /* SpaceCellPresenter.swift */; };
		08D6EDAA2C15106D00AF6E31 /* TaskModel.swift in Sources */ = {isa = PBXBuildFile; fileRef = 08D6EDA92C15106D00AF6E31 /* TaskModel.swift */; };
		08D6EDAD2C1510B000AF6E31 /* TaskRepository.swift in Sources */ = {isa = PBXBuildFile; fileRef = 08D6EDAC2C1510B000AF6E31 /* TaskRepository.swift */; };
		08D6EDB32C15C76C00AF6E31 /* TableViewCell.swift in Sources */ = {isa = PBXBuildFile; fileRef = 08D6EDB22C15C76C00AF6E31 /* TableViewCell.swift */; };
/* End PBXBuildFile section */

/* Begin PBXFileReference section */
		087FEA562C137A6500812F12 /* smart-tasks.app */ = {isa = PBXFileReference; explicitFileType = wrapper.application; includeInIndex = 0; path = "smart-tasks.app"; sourceTree = BUILT_PRODUCTS_DIR; };
		087FEA592C137A6500812F12 /* AppDelegate.swift */ = {isa = PBXFileReference; lastKnownFileType = sourcecode.swift; path = AppDelegate.swift; sourceTree = "<group>"; };
		087FEA5B2C137A6500812F12 /* SceneDelegate.swift */ = {isa = PBXFileReference; lastKnownFileType = sourcecode.swift; path = SceneDelegate.swift; sourceTree = "<group>"; };
		087FEA622C137A6600812F12 /* Assets.xcassets */ = {isa = PBXFileReference; lastKnownFileType = folder.assetcatalog; path = Assets.xcassets; sourceTree = "<group>"; };
		087FEA652C137A6600812F12 /* Base */ = {isa = PBXFileReference; lastKnownFileType = file.storyboard; name = Base; path = Base.lproj/LaunchScreen.storyboard; sourceTree = "<group>"; };
		087FEA672C137A6600812F12 /* Info.plist */ = {isa = PBXFileReference; lastKnownFileType = text.plist.xml; path = Info.plist; sourceTree = "<group>"; };
		08D6ED682C13855D00AF6E31 /* HomeViewController.swift */ = {isa = PBXFileReference; lastKnownFileType = sourcecode.swift; path = HomeViewController.swift; sourceTree = "<group>"; };
		08D6ED692C13855D00AF6E31 /* HomeViewController.xib */ = {isa = PBXFileReference; lastKnownFileType = file.xib; path = HomeViewController.xib; sourceTree = "<group>"; };
		08D6ED6C2C1385A000AF6E31 /* HomePresenter.swift */ = {isa = PBXFileReference; lastKnownFileType = sourcecode.swift; path = HomePresenter.swift; sourceTree = "<group>"; };
		08D6ED6E2C13879800AF6E31 /* HomePresenterType.swift */ = {isa = PBXFileReference; lastKnownFileType = sourcecode.swift; path = HomePresenterType.swift; sourceTree = "<group>"; };
		08D6ED702C13892700AF6E31 /* Coordinator.swift */ = {isa = PBXFileReference; lastKnownFileType = sourcecode.swift; path = Coordinator.swift; sourceTree = "<group>"; };
		08D6ED722C13897F00AF6E31 /* CoordinatorType.swift */ = {isa = PBXFileReference; lastKnownFileType = sourcecode.swift; path = CoordinatorType.swift; sourceTree = "<group>"; };
		08D6ED742C138AFC00AF6E31 /* AppCoordinator.swift */ = {isa = PBXFileReference; lastKnownFileType = sourcecode.swift; path = AppCoordinator.swift; sourceTree = "<group>"; };
		08D6ED762C138B4000AF6E31 /* ResultType.swift */ = {isa = PBXFileReference; lastKnownFileType = sourcecode.swift; path = ResultType.swift; sourceTree = "<group>"; };
		08D6ED792C138CA000AF6E31 /* NavigationController.swift */ = {isa = PBXFileReference; lastKnownFileType = sourcecode.swift; path = NavigationController.swift; sourceTree = "<group>"; };
		08D6ED7D2C13A2BB00AF6E31 /* AppMainContainer.swift */ = {isa = PBXFileReference; lastKnownFileType = sourcecode.swift; path = AppMainContainer.swift; sourceTree = "<group>"; };
		08D6ED7F2C13A2DC00AF6E31 /* UserContainer.swift */ = {isa = PBXFileReference; lastKnownFileType = sourcecode.swift; path = UserContainer.swift; sourceTree = "<group>"; };
		08D6ED822C13A45200AF6E31 /* SplashViewController.xib */ = {isa = PBXFileReference; fileEncoding = 4; lastKnownFileType = file.xib; path = SplashViewController.xib; sourceTree = "<group>"; };
		08D6ED832C13A45200AF6E31 /* SplashPresenter.swift */ = {isa = PBXFileReference; fileEncoding = 4; lastKnownFileType = sourcecode.swift; path = SplashPresenter.swift; sourceTree = "<group>"; };
		08D6ED842C13A45200AF6E31 /* SplashViewController.swift */ = {isa = PBXFileReference; fileEncoding = 4; lastKnownFileType = sourcecode.swift; path = SplashViewController.swift; sourceTree = "<group>"; };
		08D6ED882C13A4D000AF6E31 /* SplashPresenterType.swift */ = {isa = PBXFileReference; lastKnownFileType = sourcecode.swift; path = SplashPresenterType.swift; sourceTree = "<group>"; };
		08D6ED8A2C13B03800AF6E31 /* HomeCoordinator.swift */ = {isa = PBXFileReference; lastKnownFileType = sourcecode.swift; path = HomeCoordinator.swift; sourceTree = "<group>"; };
		08D6ED8D2C149F1900AF6E31 /* FetchAllTasksUseCase.swift */ = {isa = PBXFileReference; lastKnownFileType = sourcecode.swift; path = FetchAllTasksUseCase.swift; sourceTree = "<group>"; };
		08D6ED902C149F9900AF6E31 /* TaskEntity.swift */ = {isa = PBXFileReference; lastKnownFileType = sourcecode.swift; path = TaskEntity.swift; sourceTree = "<group>"; };
		08D6ED932C14A2FE00AF6E31 /* TaskRepositoryType.swift */ = {isa = PBXFileReference; lastKnownFileType = sourcecode.swift; path = TaskRepositoryType.swift; sourceTree = "<group>"; };
		08D6ED962C14ACC300AF6E31 /* TaskTableCell.swift */ = {isa = PBXFileReference; lastKnownFileType = sourcecode.swift; path = TaskTableCell.swift; sourceTree = "<group>"; };
		08D6ED972C14ACC300AF6E31 /* TaskTableCell.xib */ = {isa = PBXFileReference; lastKnownFileType = file.xib; path = TaskTableCell.xib; sourceTree = "<group>"; };
		08D6ED9A2C14B61100AF6E31 /* TaskTableCellPresenter.swift */ = {isa = PBXFileReference; lastKnownFileType = sourcecode.swift; path = TaskTableCellPresenter.swift; sourceTree = "<group>"; };
		08D6ED9F2C15050F00AF6E31 /* SpaceCell.swift */ = {isa = PBXFileReference; lastKnownFileType = sourcecode.swift; path = SpaceCell.swift; sourceTree = "<group>"; };
		08D6EDA02C15050F00AF6E31 /* SpaceCell.xib */ = {isa = PBXFileReference; lastKnownFileType = file.xib; path = SpaceCell.xib; sourceTree = "<group>"; };
		08D6EDA32C15053800AF6E31 /* SpaceCellPresenter.swift */ = {isa = PBXFileReference; lastKnownFileType = sourcecode.swift; path = SpaceCellPresenter.swift; sourceTree = "<group>"; };
		08D6EDA92C15106D00AF6E31 /* TaskModel.swift */ = {isa = PBXFileReference; lastKnownFileType = sourcecode.swift; path = TaskModel.swift; sourceTree = "<group>"; };
		08D6EDAC2C1510B000AF6E31 /* TaskRepository.swift */ = {isa = PBXFileReference; lastKnownFileType = sourcecode.swift; path = TaskRepository.swift; sourceTree = "<group>"; };
		08D6EDB22C15C76C00AF6E31 /* TableViewCell.swift */ = {isa = PBXFileReference; lastKnownFileType = sourcecode.swift; path = TableViewCell.swift; sourceTree = "<group>"; };
/* End PBXFileReference section */

/* Begin PBXFrameworksBuildPhase section */
		087FEA532C137A6500812F12 /* Frameworks */ = {
			isa = PBXFrameworksBuildPhase;
			buildActionMask = 2147483647;
			files = (
			);
			runOnlyForDeploymentPostprocessing = 0;
		};
/* End PBXFrameworksBuildPhase section */

/* Begin PBXGroup section */
		087FEA4D2C137A6500812F12 = {
			isa = PBXGroup;
			children = (
				087FEA582C137A6500812F12 /* smart-tasks */,
				087FEA572C137A6500812F12 /* Products */,
			);
			sourceTree = "<group>";
		};
		087FEA572C137A6500812F12 /* Products */ = {
			isa = PBXGroup;
			children = (
				087FEA562C137A6500812F12 /* smart-tasks.app */,
			);
			name = Products;
			sourceTree = "<group>";
		};
		087FEA582C137A6500812F12 /* smart-tasks */ = {
			isa = PBXGroup;
			children = (
				08D6EDB12C15126800AF6E31 /* Coordinators */,
				08D6EDA52C150C4400AF6E31 /* DependencyContainers */,
				08D6ED782C138C8000AF6E31 /* UIKit */,
				08D6ED632C13832800AF6E31 /* App */,
				08D6ED622C13819100AF6E31 /* Data */,
				08D6ED612C1380F900AF6E31 /* Domain */,
				08D6ED602C1380D500AF6E31 /* Presentation */,
				087FEA592C137A6500812F12 /* AppDelegate.swift */,
				087FEA5B2C137A6500812F12 /* SceneDelegate.swift */,
				087FEA622C137A6600812F12 /* Assets.xcassets */,
				087FEA642C137A6600812F12 /* LaunchScreen.storyboard */,
				087FEA672C137A6600812F12 /* Info.plist */,
			);
			path = "smart-tasks";
			sourceTree = "<group>";
		};
		08D6ED602C1380D500AF6E31 /* Presentation */ = {
			isa = PBXGroup;
			children = (
				08D6ED812C13A40B00AF6E31 /* Splash */,
				08D6ED652C1384ED00AF6E31 /* Home */,
			);
			path = Presentation;
			sourceTree = "<group>";
		};
		08D6ED612C1380F900AF6E31 /* Domain */ = {
			isa = PBXGroup;
			children = (
				08D6EDA72C15101300AF6E31 /* RepositoryProtocol */,
				08D6ED8F2C149F8100AF6E31 /* Entities */,
				08D6ED8C2C149EFF00AF6E31 /* UseCase */,
			);
			path = Domain;
			sourceTree = "<group>";
		};
		08D6ED622C13819100AF6E31 /* Data */ = {
			isa = PBXGroup;
			children = (
				08D6EDAE2C1511F000AF6E31 /* DataSources */,
				08D6EDAB2C15109C00AF6E31 /* Repository */,
				08D6EDA62C150F8700AF6E31 /* NetworkLayer */,
			);
			path = Data;
			sourceTree = "<group>";
		};
		08D6ED632C13832800AF6E31 /* App */ = {
			isa = PBXGroup;
			children = (
				08D6ED642C13839600AF6E31 /* Coordinator */,
			);
			path = App;
			sourceTree = "<group>";
		};
		08D6ED642C13839600AF6E31 /* Coordinator */ = {
			isa = PBXGroup;
			children = (
				08D6ED702C13892700AF6E31 /* Coordinator.swift */,
				08D6ED722C13897F00AF6E31 /* CoordinatorType.swift */,
				08D6ED762C138B4000AF6E31 /* ResultType.swift */,
			);
			path = Coordinator;
			sourceTree = "<group>";
		};
		08D6ED652C1384ED00AF6E31 /* Home */ = {
			isa = PBXGroup;
			children = (
				08D6ED9C2C15046B00AF6E31 /* SpaceTableView */,
				08D6ED952C14AC8100AF6E31 /* TaskTableCell */,
				08D6ED682C13855D00AF6E31 /* HomeViewController.swift */,
				08D6ED692C13855D00AF6E31 /* HomeViewController.xib */,
				08D6ED6C2C1385A000AF6E31 /* HomePresenter.swift */,
				08D6ED6E2C13879800AF6E31 /* HomePresenterType.swift */,
			);
			path = Home;
			sourceTree = "<group>";
		};
		08D6ED782C138C8000AF6E31 /* UIKit */ = {
			isa = PBXGroup;
			children = (
				08D6ED7B2C138CC900AF6E31 /* BaseClases */,
			);
			path = UIKit;
			sourceTree = "<group>";
		};
		08D6ED7B2C138CC900AF6E31 /* BaseClases */ = {
			isa = PBXGroup;
			children = (
				08D6ED792C138CA000AF6E31 /* NavigationController.swift */,
				08D6EDB22C15C76C00AF6E31 /* TableViewCell.swift */,
			);
			path = BaseClases;
			sourceTree = "<group>";
		};
		08D6ED812C13A40B00AF6E31 /* Splash */ = {
			isa = PBXGroup;
			children = (
				08D6ED832C13A45200AF6E31 /* SplashPresenter.swift */,
				08D6ED842C13A45200AF6E31 /* SplashViewController.swift */,
				08D6ED822C13A45200AF6E31 /* SplashViewController.xib */,
				08D6ED882C13A4D000AF6E31 /* SplashPresenterType.swift */,
			);
			path = Splash;
			sourceTree = "<group>";
		};
		08D6ED8C2C149EFF00AF6E31 /* UseCase */ = {
			isa = PBXGroup;
			children = (
				08D6ED8D2C149F1900AF6E31 /* FetchAllTasksUseCase.swift */,
			);
			path = UseCase;
			sourceTree = "<group>";
		};
		08D6ED8F2C149F8100AF6E31 /* Entities */ = {
			isa = PBXGroup;
			children = (
				08D6ED902C149F9900AF6E31 /* TaskEntity.swift */,
			);
			path = Entities;
			sourceTree = "<group>";
		};
		08D6ED952C14AC8100AF6E31 /* TaskTableCell */ = {
			isa = PBXGroup;
			children = (
				08D6ED962C14ACC300AF6E31 /* TaskTableCell.swift */,
				08D6ED972C14ACC300AF6E31 /* TaskTableCell.xib */,
				08D6ED9A2C14B61100AF6E31 /* TaskTableCellPresenter.swift */,
			);
			path = TaskTableCell;
			sourceTree = "<group>";
		};
		08D6ED9C2C15046B00AF6E31 /* SpaceTableView */ = {
			isa = PBXGroup;
			children = (
				08D6ED9F2C15050F00AF6E31 /* SpaceCell.swift */,
				08D6EDA02C15050F00AF6E31 /* SpaceCell.xib */,
				08D6EDA32C15053800AF6E31 /* SpaceCellPresenter.swift */,
			);
			path = SpaceTableView;
			sourceTree = "<group>";
		};
		08D6EDA52C150C4400AF6E31 /* DependencyContainers */ = {
			isa = PBXGroup;
			children = (
				08D6ED7F2C13A2DC00AF6E31 /* UserContainer.swift */,
				08D6ED7D2C13A2BB00AF6E31 /* AppMainContainer.swift */,
			);
			path = DependencyContainers;
			sourceTree = "<group>";
		};
		08D6EDA62C150F8700AF6E31 /* NetworkLayer */ = {
			isa = PBXGroup;
			children = (
			);
			path = NetworkLayer;
			sourceTree = "<group>";
		};
		08D6EDA72C15101300AF6E31 /* RepositoryProtocol */ = {
			isa = PBXGroup;
			children = (
				08D6ED932C14A2FE00AF6E31 /* TaskRepositoryType.swift */,
			);
			path = RepositoryProtocol;
			sourceTree = "<group>";
		};
		08D6EDA82C15106100AF6E31 /* Models */ = {
			isa = PBXGroup;
			children = (
				08D6EDA92C15106D00AF6E31 /* TaskModel.swift */,
			);
			path = Models;
			sourceTree = "<group>";
		};
		08D6EDAB2C15109C00AF6E31 /* Repository */ = {
			isa = PBXGroup;
			children = (
				08D6EDAC2C1510B000AF6E31 /* TaskRepository.swift */,
			);
			path = Repository;
			sourceTree = "<group>";
		};
		08D6EDAE2C1511F000AF6E31 /* DataSources */ = {
			isa = PBXGroup;
			children = (
				08D6EDA82C15106100AF6E31 /* Models */,
				08D6EDB02C15120300AF6E31 /* Local */,
				08D6EDAF2C1511FC00AF6E31 /* Remote */,
			);
			path = DataSources;
			sourceTree = "<group>";
		};
		08D6EDAF2C1511FC00AF6E31 /* Remote */ = {
			isa = PBXGroup;
			children = (
			);
			path = Remote;
			sourceTree = "<group>";
		};
		08D6EDB02C15120300AF6E31 /* Local */ = {
			isa = PBXGroup;
			children = (
			);
			path = Local;
			sourceTree = "<group>";
		};
		08D6EDB12C15126800AF6E31 /* Coordinators */ = {
			isa = PBXGroup;
			children = (
				08D6ED8A2C13B03800AF6E31 /* HomeCoordinator.swift */,
				08D6ED742C138AFC00AF6E31 /* AppCoordinator.swift */,
			);
			path = Coordinators;
			sourceTree = "<group>";
		};
/* End PBXGroup section */

/* Begin PBXNativeTarget section */
		087FEA552C137A6500812F12 /* smart-tasks */ = {
			isa = PBXNativeTarget;
			buildConfigurationList = 087FEA6A2C137A6600812F12 /* Build configuration list for PBXNativeTarget "smart-tasks" */;
			buildPhases = (
				087FEA522C137A6500812F12 /* Sources */,
				087FEA532C137A6500812F12 /* Frameworks */,
				087FEA542C137A6500812F12 /* Resources */,
			);
			buildRules = (
			);
			dependencies = (
			);
			name = "smart-tasks";
			productName = "smart-tasks";
			productReference = 087FEA562C137A6500812F12 /* smart-tasks.app */;
			productType = "com.apple.product-type.application";
		};
/* End PBXNativeTarget section */

/* Begin PBXProject section */
		087FEA4E2C137A6500812F12 /* Project object */ = {
			isa = PBXProject;
			attributes = {
				BuildIndependentTargetsInParallel = 1;
				LastSwiftUpdateCheck = 1520;
				LastUpgradeCheck = 1520;
				TargetAttributes = {
					087FEA552C137A6500812F12 = {
						CreatedOnToolsVersion = 15.2;
					};
				};
			};
			buildConfigurationList = 087FEA512C137A6500812F12 /* Build configuration list for PBXProject "smart-tasks" */;
			compatibilityVersion = "Xcode 14.0";
			developmentRegion = en;
			hasScannedForEncodings = 0;
			knownRegions = (
				en,
				Base,
			);
			mainGroup = 087FEA4D2C137A6500812F12;
			productRefGroup = 087FEA572C137A6500812F12 /* Products */;
			projectDirPath = "";
			projectRoot = "";
			targets = (
				087FEA552C137A6500812F12 /* smart-tasks */,
			);
		};
/* End PBXProject section */

/* Begin PBXResourcesBuildPhase section */
		087FEA542C137A6500812F12 /* Resources */ = {
			isa = PBXResourcesBuildPhase;
			buildActionMask = 2147483647;
			files = (
				08D6ED992C14ACC300AF6E31 /* TaskTableCell.xib in Resources */,
				087FEA662C137A6600812F12 /* LaunchScreen.storyboard in Resources */,
				08D6EDA22C15050F00AF6E31 /* SpaceCell.xib in Resources */,
				087FEA632C137A6600812F12 /* Assets.xcassets in Resources */,
				08D6ED6B2C13855D00AF6E31 /* HomeViewController.xib in Resources */,
				08D6ED852C13A45200AF6E31 /* SplashViewController.xib in Resources */,
			);
			runOnlyForDeploymentPostprocessing = 0;
		};
/* End PBXResourcesBuildPhase section */

/* Begin PBXSourcesBuildPhase section */
		087FEA522C137A6500812F12 /* Sources */ = {
			isa = PBXSourcesBuildPhase;
			buildActionMask = 2147483647;
			files = (
				08D6EDA12C15050F00AF6E31 /* SpaceCell.swift in Sources */,
				08D6ED732C13897F00AF6E31 /* CoordinatorType.swift in Sources */,
				08D6ED6D2C1385A000AF6E31 /* HomePresenter.swift in Sources */,
				08D6EDA42C15053800AF6E31 /* SpaceCellPresenter.swift in Sources */,
				087FEA5A2C137A6500812F12 /* AppDelegate.swift in Sources */,
				08D6ED7E2C13A2BB00AF6E31 /* AppMainContainer.swift in Sources */,
				08D6EDAA2C15106D00AF6E31 /* TaskModel.swift in Sources */,
				08D6ED802C13A2DC00AF6E31 /* UserContainer.swift in Sources */,
				08D6ED872C13A45200AF6E31 /* SplashViewController.swift in Sources */,
				08D6ED712C13892700AF6E31 /* Coordinator.swift in Sources */,
				08D6ED942C14A2FE00AF6E31 /* TaskRepositoryType.swift in Sources */,
				08D6ED9B2C14B61100AF6E31 /* TaskTableCellPresenter.swift in Sources */,
				08D6ED772C138B4000AF6E31 /* ResultType.swift in Sources */,
				08D6ED982C14ACC300AF6E31 /* TaskTableCell.swift in Sources */,
				08D6ED752C138AFC00AF6E31 /* AppCoordinator.swift in Sources */,
				087FEA5C2C137A6500812F12 /* SceneDelegate.swift in Sources */,
				08D6ED892C13A4D000AF6E31 /* SplashPresenterType.swift in Sources */,
				08D6ED7A2C138CA000AF6E31 /* NavigationController.swift in Sources */,
				08D6ED6F2C13879800AF6E31 /* HomePresenterType.swift in Sources */,
				08D6EDAD2C1510B000AF6E31 /* TaskRepository.swift in Sources */,
				08D6ED8B2C13B03800AF6E31 /* HomeCoordinator.swift in Sources */,
				08D6EDB32C15C76C00AF6E31 /* TableViewCell.swift in Sources */,
				08D6ED912C149F9900AF6E31 /* TaskEntity.swift in Sources */,
				08D6ED8E2C149F1900AF6E31 /* FetchAllTasksUseCase.swift in Sources */,
				08D6ED6A2C13855D00AF6E31 /* HomeViewController.swift in Sources */,
				08D6ED862C13A45200AF6E31 /* SplashPresenter.swift in Sources */,
			);
			runOnlyForDeploymentPostprocessing = 0;
		};
/* End PBXSourcesBuildPhase section */

/* Begin PBXVariantGroup section */
		087FEA642C137A6600812F12 /* LaunchScreen.storyboard */ = {
			isa = PBXVariantGroup;
			children = (
				087FEA652C137A6600812F12 /* Base */,
			);
			name = LaunchScreen.storyboard;
			sourceTree = "<group>";
		};
/* End PBXVariantGroup section */

/* Begin XCBuildConfiguration section */
		087FEA682C137A6600812F12 /* Debug */ = {
			isa = XCBuildConfiguration;
			buildSettings = {
				ALWAYS_SEARCH_USER_PATHS = NO;
				ASSETCATALOG_COMPILER_GENERATE_SWIFT_ASSET_SYMBOL_EXTENSIONS = YES;
				CLANG_ANALYZER_NONNULL = YES;
				CLANG_ANALYZER_NUMBER_OBJECT_CONVERSION = YES_AGGRESSIVE;
				CLANG_CXX_LANGUAGE_STANDARD = "gnu++20";
				CLANG_ENABLE_MODULES = YES;
				CLANG_ENABLE_OBJC_ARC = YES;
				CLANG_ENABLE_OBJC_WEAK = YES;
				CLANG_WARN_BLOCK_CAPTURE_AUTORELEASING = YES;
				CLANG_WARN_BOOL_CONVERSION = YES;
				CLANG_WARN_COMMA = YES;
				CLANG_WARN_CONSTANT_CONVERSION = YES;
				CLANG_WARN_DEPRECATED_OBJC_IMPLEMENTATIONS = YES;
				CLANG_WARN_DIRECT_OBJC_ISA_USAGE = YES_ERROR;
				CLANG_WARN_DOCUMENTATION_COMMENTS = YES;
				CLANG_WARN_EMPTY_BODY = YES;
				CLANG_WARN_ENUM_CONVERSION = YES;
				CLANG_WARN_INFINITE_RECURSION = YES;
				CLANG_WARN_INT_CONVERSION = YES;
				CLANG_WARN_NON_LITERAL_NULL_CONVERSION = YES;
				CLANG_WARN_OBJC_IMPLICIT_RETAIN_SELF = YES;
				CLANG_WARN_OBJC_LITERAL_CONVERSION = YES;
				CLANG_WARN_OBJC_ROOT_CLASS = YES_ERROR;
				CLANG_WARN_QUOTED_INCLUDE_IN_FRAMEWORK_HEADER = YES;
				CLANG_WARN_RANGE_LOOP_ANALYSIS = YES;
				CLANG_WARN_STRICT_PROTOTYPES = YES;
				CLANG_WARN_SUSPICIOUS_MOVE = YES;
				CLANG_WARN_UNGUARDED_AVAILABILITY = YES_AGGRESSIVE;
				CLANG_WARN_UNREACHABLE_CODE = YES;
				CLANG_WARN__DUPLICATE_METHOD_MATCH = YES;
				COPY_PHASE_STRIP = NO;
				DEBUG_INFORMATION_FORMAT = dwarf;
				ENABLE_STRICT_OBJC_MSGSEND = YES;
				ENABLE_TESTABILITY = YES;
				ENABLE_USER_SCRIPT_SANDBOXING = YES;
				GCC_C_LANGUAGE_STANDARD = gnu17;
				GCC_DYNAMIC_NO_PIC = NO;
				GCC_NO_COMMON_BLOCKS = YES;
				GCC_OPTIMIZATION_LEVEL = 0;
				GCC_PREPROCESSOR_DEFINITIONS = (
					"DEBUG=1",
					"$(inherited)",
				);
				GCC_WARN_64_TO_32_BIT_CONVERSION = YES;
				GCC_WARN_ABOUT_RETURN_TYPE = YES_ERROR;
				GCC_WARN_UNDECLARED_SELECTOR = YES;
				GCC_WARN_UNINITIALIZED_AUTOS = YES_AGGRESSIVE;
				GCC_WARN_UNUSED_FUNCTION = YES;
				GCC_WARN_UNUSED_VARIABLE = YES;
				IPHONEOS_DEPLOYMENT_TARGET = 17.2;
				LOCALIZATION_PREFERS_STRING_CATALOGS = YES;
				MTL_ENABLE_DEBUG_INFO = INCLUDE_SOURCE;
				MTL_FAST_MATH = YES;
				ONLY_ACTIVE_ARCH = YES;
				SDKROOT = iphoneos;
				SWIFT_ACTIVE_COMPILATION_CONDITIONS = "DEBUG $(inherited)";
				SWIFT_OPTIMIZATION_LEVEL = "-Onone";
			};
			name = Debug;
		};
		087FEA692C137A6600812F12 /* Release */ = {
			isa = XCBuildConfiguration;
			buildSettings = {
				ALWAYS_SEARCH_USER_PATHS = NO;
				ASSETCATALOG_COMPILER_GENERATE_SWIFT_ASSET_SYMBOL_EXTENSIONS = YES;
				CLANG_ANALYZER_NONNULL = YES;
				CLANG_ANALYZER_NUMBER_OBJECT_CONVERSION = YES_AGGRESSIVE;
				CLANG_CXX_LANGUAGE_STANDARD = "gnu++20";
				CLANG_ENABLE_MODULES = YES;
				CLANG_ENABLE_OBJC_ARC = YES;
				CLANG_ENABLE_OBJC_WEAK = YES;
				CLANG_WARN_BLOCK_CAPTURE_AUTORELEASING = YES;
				CLANG_WARN_BOOL_CONVERSION = YES;
				CLANG_WARN_COMMA = YES;
				CLANG_WARN_CONSTANT_CONVERSION = YES;
				CLANG_WARN_DEPRECATED_OBJC_IMPLEMENTATIONS = YES;
				CLANG_WARN_DIRECT_OBJC_ISA_USAGE = YES_ERROR;
				CLANG_WARN_DOCUMENTATION_COMMENTS = YES;
				CLANG_WARN_EMPTY_BODY = YES;
				CLANG_WARN_ENUM_CONVERSION = YES;
				CLANG_WARN_INFINITE_RECURSION = YES;
				CLANG_WARN_INT_CONVERSION = YES;
				CLANG_WARN_NON_LITERAL_NULL_CONVERSION = YES;
				CLANG_WARN_OBJC_IMPLICIT_RETAIN_SELF = YES;
				CLANG_WARN_OBJC_LITERAL_CONVERSION = YES;
				CLANG_WARN_OBJC_ROOT_CLASS = YES_ERROR;
				CLANG_WARN_QUOTED_INCLUDE_IN_FRAMEWORK_HEADER = YES;
				CLANG_WARN_RANGE_LOOP_ANALYSIS = YES;
				CLANG_WARN_STRICT_PROTOTYPES = YES;
				CLANG_WARN_SUSPICIOUS_MOVE = YES;
				CLANG_WARN_UNGUARDED_AVAILABILITY = YES_AGGRESSIVE;
				CLANG_WARN_UNREACHABLE_CODE = YES;
				CLANG_WARN__DUPLICATE_METHOD_MATCH = YES;
				COPY_PHASE_STRIP = NO;
				DEBUG_INFORMATION_FORMAT = "dwarf-with-dsym";
				ENABLE_NS_ASSERTIONS = NO;
				ENABLE_STRICT_OBJC_MSGSEND = YES;
				ENABLE_USER_SCRIPT_SANDBOXING = YES;
				GCC_C_LANGUAGE_STANDARD = gnu17;
				GCC_NO_COMMON_BLOCKS = YES;
				GCC_WARN_64_TO_32_BIT_CONVERSION = YES;
				GCC_WARN_ABOUT_RETURN_TYPE = YES_ERROR;
				GCC_WARN_UNDECLARED_SELECTOR = YES;
				GCC_WARN_UNINITIALIZED_AUTOS = YES_AGGRESSIVE;
				GCC_WARN_UNUSED_FUNCTION = YES;
				GCC_WARN_UNUSED_VARIABLE = YES;
				IPHONEOS_DEPLOYMENT_TARGET = 17.2;
				LOCALIZATION_PREFERS_STRING_CATALOGS = YES;
				MTL_ENABLE_DEBUG_INFO = NO;
				MTL_FAST_MATH = YES;
				SDKROOT = iphoneos;
				SWIFT_COMPILATION_MODE = wholemodule;
				VALIDATE_PRODUCT = YES;
			};
			name = Release;
		};
		087FEA6B2C137A6600812F12 /* Debug */ = {
			isa = XCBuildConfiguration;
			buildSettings = {
				ASSETCATALOG_COMPILER_APPICON_NAME = AppIcon;
				ASSETCATALOG_COMPILER_GLOBAL_ACCENT_COLOR_NAME = AccentColor;
				CODE_SIGN_STYLE = Automatic;
				CURRENT_PROJECT_VERSION = 1;
				GENERATE_INFOPLIST_FILE = YES;
				INFOPLIST_FILE = "smart-tasks/Info.plist";
				INFOPLIST_KEY_UIApplicationSupportsIndirectInputEvents = YES;
				INFOPLIST_KEY_UILaunchStoryboardName = LaunchScreen;
				INFOPLIST_KEY_UISupportedInterfaceOrientations = UIInterfaceOrientationPortrait;
				INFOPLIST_KEY_UISupportedInterfaceOrientations_iPad = "UIInterfaceOrientationLandscapeLeft UIInterfaceOrientationLandscapeRight UIInterfaceOrientationPortrait UIInterfaceOrientationPortraitUpsideDown";
				IPHONEOS_DEPLOYMENT_TARGET = 17.0;
				LD_RUNPATH_SEARCH_PATHS = (
					"$(inherited)",
					"@executable_path/Frameworks",
				);
				MARKETING_VERSION = 1.0;
				PRODUCT_BUNDLE_IDENTIFIER = "com.personal.smart-tasks";
				PRODUCT_NAME = "$(TARGET_NAME)";
				SUPPORTED_PLATFORMS = "iphoneos iphonesimulator";
				SUPPORTS_MACCATALYST = NO;
				SUPPORTS_MAC_DESIGNED_FOR_IPHONE_IPAD = NO;
				SUPPORTS_XR_DESIGNED_FOR_IPHONE_IPAD = NO;
				SWIFT_EMIT_LOC_STRINGS = YES;
				SWIFT_VERSION = 5.0;
				TARGETED_DEVICE_FAMILY = 1;
			};
			name = Debug;
		};
		087FEA6C2C137A6600812F12 /* Release */ = {
			isa = XCBuildConfiguration;
			buildSettings = {
				ASSETCATALOG_COMPILER_APPICON_NAME = AppIcon;
				ASSETCATALOG_COMPILER_GLOBAL_ACCENT_COLOR_NAME = AccentColor;
				CODE_SIGN_STYLE = Automatic;
				CURRENT_PROJECT_VERSION = 1;
				GENERATE_INFOPLIST_FILE = YES;
				INFOPLIST_FILE = "smart-tasks/Info.plist";
				INFOPLIST_KEY_UIApplicationSupportsIndirectInputEvents = YES;
				INFOPLIST_KEY_UILaunchStoryboardName = LaunchScreen;
				INFOPLIST_KEY_UISupportedInterfaceOrientations = UIInterfaceOrientationPortrait;
				INFOPLIST_KEY_UISupportedInterfaceOrientations_iPad = "UIInterfaceOrientationLandscapeLeft UIInterfaceOrientationLandscapeRight UIInterfaceOrientationPortrait UIInterfaceOrientationPortraitUpsideDown";
				IPHONEOS_DEPLOYMENT_TARGET = 17.0;
				LD_RUNPATH_SEARCH_PATHS = (
					"$(inherited)",
					"@executable_path/Frameworks",
				);
				MARKETING_VERSION = 1.0;
				PRODUCT_BUNDLE_IDENTIFIER = "com.personal.smart-tasks";
				PRODUCT_NAME = "$(TARGET_NAME)";
				SUPPORTED_PLATFORMS = "iphoneos iphonesimulator";
				SUPPORTS_MACCATALYST = NO;
				SUPPORTS_MAC_DESIGNED_FOR_IPHONE_IPAD = NO;
				SUPPORTS_XR_DESIGNED_FOR_IPHONE_IPAD = NO;
				SWIFT_EMIT_LOC_STRINGS = YES;
				SWIFT_VERSION = 5.0;
				TARGETED_DEVICE_FAMILY = 1;
			};
			name = Release;
		};
/* End XCBuildConfiguration section */

/* Begin XCConfigurationList section */
		087FEA512C137A6500812F12 /* Build configuration list for PBXProject "smart-tasks" */ = {
			isa = XCConfigurationList;
			buildConfigurations = (
				087FEA682C137A6600812F12 /* Debug */,
				087FEA692C137A6600812F12 /* Release */,
			);
			defaultConfigurationIsVisible = 0;
			defaultConfigurationName = Release;
		};
		087FEA6A2C137A6600812F12 /* Build configuration list for PBXNativeTarget "smart-tasks" */ = {
			isa = XCConfigurationList;
			buildConfigurations = (
				087FEA6B2C137A6600812F12 /* Debug */,
				087FEA6C2C137A6600812F12 /* Release */,
			);
			defaultConfigurationIsVisible = 0;
			defaultConfigurationName = Release;
		};
/* End XCConfigurationList section */
	};
	rootObject = 087FEA4E2C137A6500812F12 /* Project object */;
}
